{
  "pins" : [
    {
      "identity" : "incommons",
      "kind" : "remoteSourceControl",
      "location" : "https://github.com/indieSoftware/INCommons",
      "state" : {
        "branch" : "develop",
        "revision" : "3415a87f64f497bcca3df041701341ee491e3302"
      }
    }
  ],
  "version" : 2
}
