{
  "object": {
    "pins": [
      {
        "package": "INCommons",
        "repositoryURL": "https://github.com/indieSoftware/INCommons",
        "state": {
          "branch": null,
          "revision": "9b45d0b3359c6fd1545ce2a6091eed21e62d0718",
          "version": "3.1.0"
        }
      }
    ]
  },
  "version": 1
}
