PODS:
  - SwiftFormat/CLI (0.49.10)
  - SwiftLint (0.47.1)

DEPENDENCIES:
  - SwiftFormat/CLI
  - SwiftLint

SPEC REPOS:
  https://github.com/CocoaPods/Specs.git:
    - SwiftFormat
    - SwiftLint

SPEC CHECKSUMS:
  SwiftFormat: 7e7b810d61b0518ea30d3753051ebde546ae4c0b
  SwiftLint: f80f1be7fa96d30e0aa68e58d45d4ea1ccaac519

PODFILE CHECKSUM: 7a07a9e8d087f101c29af55055c86cc383a6ca21

COCOAPODS: 1.11.3
