// !$*UTF8*$!
{
	archiveVersion = 1;
	classes = {
	};
	objectVersion = 55;
	objects = {

/* Begin PBXAggregateTarget section */
		26FCE71027D215C800C229DA /* SwiftFormat */ = {
			isa = PBXAggregateTarget;
			buildConfigurationList = 26FCE71127D215C800C229DA /* Build configuration list for PBXAggregateTarget "SwiftFormat" */;
			buildPhases = (
				26FCE71427D215DD00C229DA /* Extract Swift Version Number */,
				26FCE71527D215F400C229DA /* SwiftFormat */,
			);
			dependencies = (
			);
			name = SwiftFormat;
			productName = SwiftFormat;
		};
/* End PBXAggregateTarget section */

/* Begin PBXBuildFile section */
		1FF6B17CBF3EC43F3C3E7337 /* Pods_INCoreDataTests.framework in Frameworks */ = {isa = PBXBuildFile; fileRef = 239E24B414CA6568739AEA53 /* Pods_INCoreDataTests.framework */; };
		260786BD289D5D2600504907 /* ManagedObjectModelWrapping.swift in Sources */ = {isa = PBXBuildFile; fileRef = 260786BB289D5D2600504907 /* ManagedObjectModelWrapping.swift */; };
		260786BE289D5D2600504907 /* ManagedObjectWrappingModel.swift in Sources */ = {isa = PBXBuildFile; fileRef = 260786BC289D5D2600504907 /* ManagedObjectWrappingModel.swift */; };
		260786C0289D5DE000504907 /* ManagedObjectWrappingModelTests.swift in Sources */ = {isa = PBXBuildFile; fileRef = 260786BF289D5DE000504907 /* ManagedObjectWrappingModelTests.swift */; };
		261C7F12288F196A004559B0 /* CoreDataManager_MemoryLeakTests.swift in Sources */ = {isa = PBXBuildFile; fileRef = 261C7F11288F196A004559B0 /* CoreDataManager_MemoryLeakTests.swift */; };
		262C9CCF285F117300DD6D41 /* StartView.swift in Sources */ = {isa = PBXBuildFile; fileRef = 262C9CCE285F117300DD6D41 /* StartView.swift */; };
		262C9CD1285F132300DD6D41 /* UsageView.swift in Sources */ = {isa = PBXBuildFile; fileRef = 262C9CD0285F132300DD6D41 /* UsageView.swift */; };
		262C9CD9285F3CD500DD6D41 /* ItemModel.swift in Sources */ = {isa = PBXBuildFile; fileRef = 262C9CD8285F3CD500DD6D41 /* ItemModel.swift */; };
		262C9CDB285F44D600DD6D41 /* UsageViewModel.swift in Sources */ = {isa = PBXBuildFile; fileRef = 262C9CDA285F44D600DD6D41 /* UsageViewModel.swift */; };
		262EA4F82896600500717F54 /* PersistentContainerParameter.swift in Sources */ = {isa = PBXBuildFile; fileRef = 262EA4F72896600500717F54 /* PersistentContainerParameter.swift */; };
		26349455287998F20092B8FF /* PersistentContainer.swift in Sources */ = {isa = PBXBuildFile; fileRef = 26349454287998F20092B8FF /* PersistentContainer.swift */; };
		2634945B2879E8330092B8FF /* CoreDataManagerError.swift in Sources */ = {isa = PBXBuildFile; fileRef = 2634945A2879E8330092B8FF /* CoreDataManagerError.swift */; };
		2634945F287AAAF60092B8FF /* CoreDataManagerLogic.swift in Sources */ = {isa = PBXBuildFile; fileRef = 2634945E287AAAF60092B8FF /* CoreDataManagerLogic.swift */; };
		263B44D4285C70F40055B8D4 /* ManagedObjectsChange.swift in Sources */ = {isa = PBXBuildFile; fileRef = 263B44D3285C70F40055B8D4 /* ManagedObjectsChange.swift */; };
		264EEF182882C3E200874DF8 /* INCommons in Frameworks */ = {isa = PBXBuildFile; productRef = 264EEF172882C3E200874DF8 /* INCommons */; };
		264EEF192882D96F00874DF8 /* CoreDataManager_PublisherManagedObject_ContextSavedTests.swift in Sources */ = {isa = PBXBuildFile; fileRef = 26EC46DA2882B60200DC733E /* CoreDataManager_PublisherManagedObject_ContextSavedTests.swift */; };
		264EEF1C288431E600874DF8 /* CoreDataManager_PublisherManagedObjectType_ContextSavedTests.swift in Sources */ = {isa = PBXBuildFile; fileRef = 26EC46D92882B60200DC733E /* CoreDataManager_PublisherManagedObjectType_ContextSavedTests.swift */; };
		264EEF1D288454C500874DF8 /* CoreDataManager_PublisherManagedObjectType_ObjectChangedTests.swift in Sources */ = {isa = PBXBuildFile; fileRef = 26EC46D82882B60200DC733E /* CoreDataManager_PublisherManagedObjectType_ObjectChangedTests.swift */; };
		264EEF1E28845B6400874DF8 /* CoreDataManager_PublisherManagedObjectType_UnionedContextSaveTests.swift in Sources */ = {isa = PBXBuildFile; fileRef = 26EC46D62882B60200DC733E /* CoreDataManager_PublisherManagedObjectType_UnionedContextSaveTests.swift */; };
		264EEF1F2884613900874DF8 /* CoreDataManager_RaceConditionTests.swift in Sources */ = {isa = PBXBuildFile; fileRef = 26EC46D72882B60200DC733E /* CoreDataManager_RaceConditionTests.swift */; };
		26713CEF283120CB008456E9 /* NSManagedObject+InContext.swift in Sources */ = {isa = PBXBuildFile; fileRef = 26713CEE283120CA008456E9 /* NSManagedObject+InContext.swift */; };
		26713CF52831248C008456E9 /* CoreDataManager+Publisher.swift in Sources */ = {isa = PBXBuildFile; fileRef = 26713CF42831248C008456E9 /* CoreDataManager+Publisher.swift */; };
		267F4D2E2838AC5700DC42E5 /* ManagedNotification.swift in Sources */ = {isa = PBXBuildFile; fileRef = 267F4D2D2838AC5700DC42E5 /* ManagedNotification.swift */; };
		267F4D332838B0B700DC42E5 /* Notification+ManagedObjects.swift in Sources */ = {isa = PBXBuildFile; fileRef = 267F4D322838B0B700DC42E5 /* Notification+ManagedObjects.swift */; };
		268D4FD32854F304003B18C8 /* ManagedObjectChangeType.swift in Sources */ = {isa = PBXBuildFile; fileRef = 268D4FD22854F304003B18C8 /* ManagedObjectChangeType.swift */; };
		268D4FD52854F36A003B18C8 /* ManagedObjectChange.swift in Sources */ = {isa = PBXBuildFile; fileRef = 268D4FD42854F36A003B18C8 /* ManagedObjectChange.swift */; };
		26A8B81B28A581E000B8A487 /* CoreDataManager_PublisherContext_ContextSaveTests.swift in Sources */ = {isa = PBXBuildFile; fileRef = 26A8B81A28A581E000B8A487 /* CoreDataManager_PublisherContext_ContextSaveTests.swift */; };
		26BA6EC0288BDD8C0012D429 /* PreviewData.swift in Sources */ = {isa = PBXBuildFile; fileRef = 26BA6EBF288BDD8C0012D429 /* PreviewData.swift */; };
		26BA6EC2288C3B9F0012D429 /* CoreDataPreview.swift in Sources */ = {isa = PBXBuildFile; fileRef = 26BA6EC1288C3B9F0012D429 /* CoreDataPreview.swift */; };
		26BA6ECC288C9CA70012D429 /* CoreDataManager_loadStoreTests.swift in Sources */ = {isa = PBXBuildFile; fileRef = 26BA6ECB288C9CA70012D429 /* CoreDataManager_loadStoreTests.swift */; };
		26E99C2C289F8468007CAF55 /* ManagedObjectWrappingModel+ReferenceManipulation.swift in Sources */ = {isa = PBXBuildFile; fileRef = 26E99C2B289F8468007CAF55 /* ManagedObjectWrappingModel+ReferenceManipulation.swift */; };
		26E99C2E289F84F1007CAF55 /* ManagedObjectWrappingModel+Context.swift in Sources */ = {isa = PBXBuildFile; fileRef = 26E99C2D289F84F1007CAF55 /* ManagedObjectWrappingModel+Context.swift */; };
		26E99C30289F8567007CAF55 /* ManagedObjectWrappingModel+ContextTests.swift in Sources */ = {isa = PBXBuildFile; fileRef = 26E99C2F289F8567007CAF55 /* ManagedObjectWrappingModel+ContextTests.swift */; };
		26E99C33289F8689007CAF55 /* FooModel.swift in Sources */ = {isa = PBXBuildFile; fileRef = 26E99C31289F85E4007CAF55 /* FooModel.swift */; };
		26E99C35289F8793007CAF55 /* BarModel.swift in Sources */ = {isa = PBXBuildFile; fileRef = 26E99C34289F8793007CAF55 /* BarModel.swift */; };
		26E99C37289F9562007CAF55 /* ManagedObjectWrappingModel+ReferenceManipulationTests.swift in Sources */ = {isa = PBXBuildFile; fileRef = 26E99C36289F9562007CAF55 /* ManagedObjectWrappingModel+ReferenceManipulationTests.swift */; };
		26E99C39289FDD51007CAF55 /* ItemViewModel.swift in Sources */ = {isa = PBXBuildFile; fileRef = 26E99C38289FDD51007CAF55 /* ItemViewModel.swift */; };
		26EC46E22882B60200DC733E /* TestModel.xcdatamodeld in Sources */ = {isa = PBXBuildFile; fileRef = 26EC46CE2882B60200DC733E /* TestModel.xcdatamodeld */; };
		26EC46E32882B60200DC733E /* TestModelName.swift in Sources */ = {isa = PBXBuildFile; fileRef = 26EC46D12882B60200DC733E /* TestModelName.swift */; };
		26EC46E42882B60200DC733E /* CoreDataManager_performTaskTests.swift in Sources */ = {isa = PBXBuildFile; fileRef = 26EC46D32882B60200DC733E /* CoreDataManager_performTaskTests.swift */; };
		26EC46E52882B60200DC733E /* CoreDataManagerIntegrationTests.swift in Sources */ = {isa = PBXBuildFile; fileRef = 26EC46D42882B60200DC733E /* CoreDataManagerIntegrationTests.swift */; };
		26EC46E62882B60200DC733E /* CoreDataManager_PublisherManagedObject_ObjectChangedTests.swift in Sources */ = {isa = PBXBuildFile; fileRef = 26EC46D52882B60200DC733E /* CoreDataManager_PublisherManagedObject_ObjectChangedTests.swift */; };
		26EC46EC2882B60200DC733E /* PersistentContainerMock.swift in Sources */ = {isa = PBXBuildFile; fileRef = 26EC46DC2882B60200DC733E /* PersistentContainerMock.swift */; };
		26EC46ED2882B60200DC733E /* PersistentContainer_initTests.swift in Sources */ = {isa = PBXBuildFile; fileRef = 26EC46DD2882B60200DC733E /* PersistentContainer_initTests.swift */; };
		26EC46EE2882B60200DC733E /* PersistentContainer_contextTests.swift in Sources */ = {isa = PBXBuildFile; fileRef = 26EC46DE2882B60200DC733E /* PersistentContainer_contextTests.swift */; };
		26EC46EF2882B60200DC733E /* NSManagedObject+InContextTests.swift in Sources */ = {isa = PBXBuildFile; fileRef = 26EC46E02882B60200DC733E /* NSManagedObject+InContextTests.swift */; };
		26EC46F02882B60200DC733E /* XCTestCase+additions.swift in Sources */ = {isa = PBXBuildFile; fileRef = 26EC46E12882B60200DC733E /* XCTestCase+additions.swift */; };
		26FCE6D327D1F9C600C229DA /* INCoreDataExampleApp.swift in Sources */ = {isa = PBXBuildFile; fileRef = 26FCE6D227D1F9C600C229DA /* INCoreDataExampleApp.swift */; };
		26FCE6D727D1F9C700C229DA /* Assets.xcassets in Resources */ = {isa = PBXBuildFile; fileRef = 26FCE6D627D1F9C700C229DA /* Assets.xcassets */; };
		26FCE6DA27D1F9C700C229DA /* Preview Assets.xcassets in Resources */ = {isa = PBXBuildFile; fileRef = 26FCE6D927D1F9C700C229DA /* Preview Assets.xcassets */; };
		26FCE6F127D1FAD700C229DA /* INCoreData.framework in Frameworks */ = {isa = PBXBuildFile; fileRef = 26FCE6E727D1FAD600C229DA /* INCoreData.framework */; };
		26FCE6F927D1FAD700C229DA /* INCoreData.h in Headers */ = {isa = PBXBuildFile; fileRef = 26FCE6E927D1FAD600C229DA /* INCoreData.h */; settings = {ATTRIBUTES = (Public, ); }; };
		26FCE6FC27D1FAD700C229DA /* INCoreData.framework in Frameworks */ = {isa = PBXBuildFile; fileRef = 26FCE6E727D1FAD600C229DA /* INCoreData.framework */; };
		26FCE6FD27D1FAD700C229DA /* INCoreData.framework in Embed Frameworks */ = {isa = PBXBuildFile; fileRef = 26FCE6E727D1FAD600C229DA /* INCoreData.framework */; settings = {ATTRIBUTES = (CodeSignOnCopy, RemoveHeadersOnCopy, ); }; };
		41980954330F1CBB38EA8773 /* Pods_INCoreData.framework in Frameworks */ = {isa = PBXBuildFile; fileRef = 81449F7F71630EA9DE31C59A /* Pods_INCoreData.framework */; };
		532C387528062E6500B513B1 /* DataModel.xcdatamodeld in Sources */ = {isa = PBXBuildFile; fileRef = 532C387328062E6500B513B1 /* DataModel.xcdatamodeld */; };
		534F5D842804616900DCB275 /* CoreData.framework in Frameworks */ = {isa = PBXBuildFile; fileRef = 534F5D832804616900DCB275 /* CoreData.framework */; };
		534F5DC8280474A300DCB275 /* CoreDataManager.swift in Sources */ = {isa = PBXBuildFile; fileRef = 534F5DC7280474A300DCB275 /* CoreDataManager.swift */; };
		9A886A5C404411A5FADCA8C6 /* Pods_INCoreDataExample.framework in Frameworks */ = {isa = PBXBuildFile; fileRef = FB55D7ABEC1132CCF782889E /* Pods_INCoreDataExample.framework */; };
/* End PBXBuildFile section */

/* Begin PBXContainerItemProxy section */
		26FCE6F227D1FAD700C229DA /* PBXContainerItemProxy */ = {
			isa = PBXContainerItemProxy;
			containerPortal = 26FCE6C727D1F9C600C229DA /* Project object */;
			proxyType = 1;
			remoteGlobalIDString = 26FCE6E627D1FAD600C229DA;
			remoteInfo = INCoreData;
		};
		26FCE6F427D1FAD700C229DA /* PBXContainerItemProxy */ = {
			isa = PBXContainerItemProxy;
			containerPortal = 26FCE6C727D1F9C600C229DA /* Project object */;
			proxyType = 1;
			remoteGlobalIDString = 26FCE6CE27D1F9C600C229DA;
			remoteInfo = INCoreDataExample;
		};
		26FCE6FA27D1FAD700C229DA /* PBXContainerItemProxy */ = {
			isa = PBXContainerItemProxy;
			containerPortal = 26FCE6C727D1F9C600C229DA /* Project object */;
			proxyType = 1;
			remoteGlobalIDString = 26FCE6E627D1FAD600C229DA;
			remoteInfo = INCoreData;
		};
/* End PBXContainerItemProxy section */

/* Begin PBXCopyFilesBuildPhase section */
		26FCE70127D1FAD700C229DA /* Embed Frameworks */ = {
			isa = PBXCopyFilesBuildPhase;
			buildActionMask = 2147483647;
			dstPath = "";
			dstSubfolderSpec = 10;
			files = (
				26FCE6FD27D1FAD700C229DA /* INCoreData.framework in Embed Frameworks */,
			);
			name = "Embed Frameworks";
			runOnlyForDeploymentPostprocessing = 0;
		};
/* End PBXCopyFilesBuildPhase section */

/* Begin PBXFileReference section */
		1D3CF85261265366D7A83882 /* Pods-INCoreData.debug.xcconfig */ = {isa = PBXFileReference; includeInIndex = 1; lastKnownFileType = text.xcconfig; name = "Pods-INCoreData.debug.xcconfig"; path = "Target Support Files/Pods-INCoreData/Pods-INCoreData.debug.xcconfig"; sourceTree = "<group>"; };
		239E24B414CA6568739AEA53 /* Pods_INCoreDataTests.framework */ = {isa = PBXFileReference; explicitFileType = wrapper.framework; includeInIndex = 0; path = Pods_INCoreDataTests.framework; sourceTree = BUILT_PRODUCTS_DIR; };
		260786BB289D5D2600504907 /* ManagedObjectModelWrapping.swift */ = {isa = PBXFileReference; fileEncoding = 4; lastKnownFileType = sourcecode.swift; path = ManagedObjectModelWrapping.swift; sourceTree = "<group>"; };
		260786BC289D5D2600504907 /* ManagedObjectWrappingModel.swift */ = {isa = PBXFileReference; fileEncoding = 4; lastKnownFileType = sourcecode.swift; path = ManagedObjectWrappingModel.swift; sourceTree = "<group>"; };
		260786BF289D5DE000504907 /* ManagedObjectWrappingModelTests.swift */ = {isa = PBXFileReference; lastKnownFileType = sourcecode.swift; path = ManagedObjectWrappingModelTests.swift; sourceTree = "<group>"; };
		261C7F11288F196A004559B0 /* CoreDataManager_MemoryLeakTests.swift */ = {isa = PBXFileReference; lastKnownFileType = sourcecode.swift; path = CoreDataManager_MemoryLeakTests.swift; sourceTree = "<group>"; };
		262C9CCE285F117300DD6D41 /* StartView.swift */ = {isa = PBXFileReference; lastKnownFileType = sourcecode.swift; path = StartView.swift; sourceTree = "<group>"; };
		262C9CD0285F132300DD6D41 /* UsageView.swift */ = {isa = PBXFileReference; lastKnownFileType = sourcecode.swift; path = UsageView.swift; sourceTree = "<group>"; };
		262C9CD8285F3CD500DD6D41 /* ItemModel.swift */ = {isa = PBXFileReference; lastKnownFileType = sourcecode.swift; path = ItemModel.swift; sourceTree = "<group>"; };
		262C9CDA285F44D600DD6D41 /* UsageViewModel.swift */ = {isa = PBXFileReference; lastKnownFileType = sourcecode.swift; path = UsageViewModel.swift; sourceTree = "<group>"; };
		262EA4F72896600500717F54 /* PersistentContainerParameter.swift */ = {isa = PBXFileReference; lastKnownFileType = sourcecode.swift; path = PersistentContainerParameter.swift; sourceTree = "<group>"; };
		26349454287998F20092B8FF /* PersistentContainer.swift */ = {isa = PBXFileReference; lastKnownFileType = sourcecode.swift; path = PersistentContainer.swift; sourceTree = "<group>"; };
		2634945A2879E8330092B8FF /* CoreDataManagerError.swift */ = {isa = PBXFileReference; lastKnownFileType = sourcecode.swift; path = CoreDataManagerError.swift; sourceTree = "<group>"; };
		2634945E287AAAF60092B8FF /* CoreDataManagerLogic.swift */ = {isa = PBXFileReference; lastKnownFileType = sourcecode.swift; path = CoreDataManagerLogic.swift; sourceTree = "<group>"; };
		263B44D3285C70F40055B8D4 /* ManagedObjectsChange.swift */ = {isa = PBXFileReference; lastKnownFileType = sourcecode.swift; path = ManagedObjectsChange.swift; sourceTree = "<group>"; };
		26713CEE283120CA008456E9 /* NSManagedObject+InContext.swift */ = {isa = PBXFileReference; lastKnownFileType = sourcecode.swift; path = "NSManagedObject+InContext.swift"; sourceTree = "<group>"; };
		26713CF42831248C008456E9 /* CoreDataManager+Publisher.swift */ = {isa = PBXFileReference; lastKnownFileType = sourcecode.swift; path = "CoreDataManager+Publisher.swift"; sourceTree = "<group>"; };
		267F4D2D2838AC5700DC42E5 /* ManagedNotification.swift */ = {isa = PBXFileReference; lastKnownFileType = sourcecode.swift; path = ManagedNotification.swift; sourceTree = "<group>"; };
		267F4D322838B0B700DC42E5 /* Notification+ManagedObjects.swift */ = {isa = PBXFileReference; lastKnownFileType = sourcecode.swift; path = "Notification+ManagedObjects.swift"; sourceTree = "<group>"; };
		268D4FD22854F304003B18C8 /* ManagedObjectChangeType.swift */ = {isa = PBXFileReference; lastKnownFileType = sourcecode.swift; path = ManagedObjectChangeType.swift; sourceTree = "<group>"; };
		268D4FD42854F36A003B18C8 /* ManagedObjectChange.swift */ = {isa = PBXFileReference; lastKnownFileType = sourcecode.swift; path = ManagedObjectChange.swift; sourceTree = "<group>"; };
		26A8B81A28A581E000B8A487 /* CoreDataManager_PublisherContext_ContextSaveTests.swift */ = {isa = PBXFileReference; lastKnownFileType = sourcecode.swift; path = CoreDataManager_PublisherContext_ContextSaveTests.swift; sourceTree = "<group>"; };
		26BA6EBF288BDD8C0012D429 /* PreviewData.swift */ = {isa = PBXFileReference; lastKnownFileType = sourcecode.swift; path = PreviewData.swift; sourceTree = "<group>"; };
		26BA6EC1288C3B9F0012D429 /* CoreDataPreview.swift */ = {isa = PBXFileReference; lastKnownFileType = sourcecode.swift; path = CoreDataPreview.swift; sourceTree = "<group>"; };
		26BA6ECB288C9CA70012D429 /* CoreDataManager_loadStoreTests.swift */ = {isa = PBXFileReference; lastKnownFileType = sourcecode.swift; path = CoreDataManager_loadStoreTests.swift; sourceTree = "<group>"; };
		26E99C2B289F8468007CAF55 /* ManagedObjectWrappingModel+ReferenceManipulation.swift */ = {isa = PBXFileReference; lastKnownFileType = sourcecode.swift; path = "ManagedObjectWrappingModel+ReferenceManipulation.swift"; sourceTree = "<group>"; };
		26E99C2D289F84F1007CAF55 /* ManagedObjectWrappingModel+Context.swift */ = {isa = PBXFileReference; lastKnownFileType = sourcecode.swift; path = "ManagedObjectWrappingModel+Context.swift"; sourceTree = "<group>"; };
		26E99C2F289F8567007CAF55 /* ManagedObjectWrappingModel+ContextTests.swift */ = {isa = PBXFileReference; lastKnownFileType = sourcecode.swift; path = "ManagedObjectWrappingModel+ContextTests.swift"; sourceTree = "<group>"; };
		26E99C31289F85E4007CAF55 /* FooModel.swift */ = {isa = PBXFileReference; lastKnownFileType = sourcecode.swift; path = FooModel.swift; sourceTree = "<group>"; };
		26E99C34289F8793007CAF55 /* BarModel.swift */ = {isa = PBXFileReference; lastKnownFileType = sourcecode.swift; path = BarModel.swift; sourceTree = "<group>"; };
		26E99C36289F9562007CAF55 /* ManagedObjectWrappingModel+ReferenceManipulationTests.swift */ = {isa = PBXFileReference; lastKnownFileType = sourcecode.swift; path = "ManagedObjectWrappingModel+ReferenceManipulationTests.swift"; sourceTree = "<group>"; };
		26E99C38289FDD51007CAF55 /* ItemViewModel.swift */ = {isa = PBXFileReference; lastKnownFileType = sourcecode.swift; path = ItemViewModel.swift; sourceTree = "<group>"; };
		26EC46C82882B0C300DC733E /* Package.swift */ = {isa = PBXFileReference; lastKnownFileType = sourcecode.swift; path = Package.swift; sourceTree = "<group>"; };
		26EC46CF2882B60200DC733E /* TestModel.xcdatamodel */ = {isa = PBXFileReference; lastKnownFileType = wrapper.xcdatamodel; path = TestModel.xcdatamodel; sourceTree = "<group>"; };
		26EC46D02882B60200DC733E /* TestModel 2.xcdatamodel */ = {isa = PBXFileReference; lastKnownFileType = wrapper.xcdatamodel; path = "TestModel 2.xcdatamodel"; sourceTree = "<group>"; };
		26EC46D12882B60200DC733E /* TestModelName.swift */ = {isa = PBXFileReference; fileEncoding = 4; lastKnownFileType = sourcecode.swift; path = TestModelName.swift; sourceTree = "<group>"; };
		26EC46D32882B60200DC733E /* CoreDataManager_performTaskTests.swift */ = {isa = PBXFileReference; fileEncoding = 4; lastKnownFileType = sourcecode.swift; path = CoreDataManager_performTaskTests.swift; sourceTree = "<group>"; };
		26EC46D42882B60200DC733E /* CoreDataManagerIntegrationTests.swift */ = {isa = PBXFileReference; fileEncoding = 4; lastKnownFileType = sourcecode.swift; path = CoreDataManagerIntegrationTests.swift; sourceTree = "<group>"; };
		26EC46D52882B60200DC733E /* CoreDataManager_PublisherManagedObject_ObjectChangedTests.swift */ = {isa = PBXFileReference; fileEncoding = 4; lastKnownFileType = sourcecode.swift; path = CoreDataManager_PublisherManagedObject_ObjectChangedTests.swift; sourceTree = "<group>"; };
		26EC46D62882B60200DC733E /* CoreDataManager_PublisherManagedObjectType_UnionedContextSaveTests.swift */ = {isa = PBXFileReference; fileEncoding = 4; lastKnownFileType = sourcecode.swift; path = CoreDataManager_PublisherManagedObjectType_UnionedContextSaveTests.swift; sourceTree = "<group>"; };
		26EC46D72882B60200DC733E /* CoreDataManager_RaceConditionTests.swift */ = {isa = PBXFileReference; fileEncoding = 4; lastKnownFileType = sourcecode.swift; path = CoreDataManager_RaceConditionTests.swift; sourceTree = "<group>"; };
		26EC46D82882B60200DC733E /* CoreDataManager_PublisherManagedObjectType_ObjectChangedTests.swift */ = {isa = PBXFileReference; fileEncoding = 4; lastKnownFileType = sourcecode.swift; path = CoreDataManager_PublisherManagedObjectType_ObjectChangedTests.swift; sourceTree = "<group>"; };
		26EC46D92882B60200DC733E /* CoreDataManager_PublisherManagedObjectType_ContextSavedTests.swift */ = {isa = PBXFileReference; fileEncoding = 4; lastKnownFileType = sourcecode.swift; path = CoreDataManager_PublisherManagedObjectType_ContextSavedTests.swift; sourceTree = "<group>"; };
		26EC46DA2882B60200DC733E /* CoreDataManager_PublisherManagedObject_ContextSavedTests.swift */ = {isa = PBXFileReference; fileEncoding = 4; lastKnownFileType = sourcecode.swift; path = CoreDataManager_PublisherManagedObject_ContextSavedTests.swift; sourceTree = "<group>"; };
		26EC46DC2882B60200DC733E /* PersistentContainerMock.swift */ = {isa = PBXFileReference; fileEncoding = 4; lastKnownFileType = sourcecode.swift; path = PersistentContainerMock.swift; sourceTree = "<group>"; };
		26EC46DD2882B60200DC733E /* PersistentContainer_initTests.swift */ = {isa = PBXFileReference; fileEncoding = 4; lastKnownFileType = sourcecode.swift; path = PersistentContainer_initTests.swift; sourceTree = "<group>"; };
		26EC46DE2882B60200DC733E /* PersistentContainer_contextTests.swift */ = {isa = PBXFileReference; fileEncoding = 4; lastKnownFileType = sourcecode.swift; path = PersistentContainer_contextTests.swift; sourceTree = "<group>"; };
		26EC46E02882B60200DC733E /* NSManagedObject+InContextTests.swift */ = {isa = PBXFileReference; fileEncoding = 4; lastKnownFileType = sourcecode.swift; path = "NSManagedObject+InContextTests.swift"; sourceTree = "<group>"; };
		26EC46E12882B60200DC733E /* XCTestCase+additions.swift */ = {isa = PBXFileReference; fileEncoding = 4; lastKnownFileType = sourcecode.swift; path = "XCTestCase+additions.swift"; sourceTree = "<group>"; };
		26F42BEB2871D37800FB6251 /* docu */ = {isa = PBXFileReference; lastKnownFileType = folder; path = docu; sourceTree = "<group>"; };
		26FCE6CF27D1F9C600C229DA /* INCoreDataExample.app */ = {isa = PBXFileReference; explicitFileType = wrapper.application; includeInIndex = 0; path = INCoreDataExample.app; sourceTree = BUILT_PRODUCTS_DIR; };
		26FCE6D227D1F9C600C229DA /* INCoreDataExampleApp.swift */ = {isa = PBXFileReference; lastKnownFileType = sourcecode.swift; path = INCoreDataExampleApp.swift; sourceTree = "<group>"; };
		26FCE6D627D1F9C700C229DA /* Assets.xcassets */ = {isa = PBXFileReference; lastKnownFileType = folder.assetcatalog; path = Assets.xcassets; sourceTree = "<group>"; };
		26FCE6D927D1F9C700C229DA /* Preview Assets.xcassets */ = {isa = PBXFileReference; lastKnownFileType = folder.assetcatalog; path = "Preview Assets.xcassets"; sourceTree = "<group>"; };
		26FCE6E727D1FAD600C229DA /* INCoreData.framework */ = {isa = PBXFileReference; explicitFileType = wrapper.framework; includeInIndex = 0; path = INCoreData.framework; sourceTree = BUILT_PRODUCTS_DIR; };
		26FCE6E927D1FAD600C229DA /* INCoreData.h */ = {isa = PBXFileReference; lastKnownFileType = sourcecode.c.h; path = INCoreData.h; sourceTree = "<group>"; };
		26FCE6F027D1FAD700C229DA /* INCoreDataTests.xctest */ = {isa = PBXFileReference; explicitFileType = wrapper.cfbundle; includeInIndex = 0; path = INCoreDataTests.xctest; sourceTree = BUILT_PRODUCTS_DIR; };
		26FCE70B27D2137300C229DA /* README.md */ = {isa = PBXFileReference; lastKnownFileType = net.daringfireball.markdown; path = README.md; sourceTree = "<group>"; };
		532C387428062E6500B513B1 /* Example.xcdatamodel */ = {isa = PBXFileReference; lastKnownFileType = wrapper.xcdatamodel; path = Example.xcdatamodel; sourceTree = "<group>"; };
		534F5D832804616900DCB275 /* CoreData.framework */ = {isa = PBXFileReference; lastKnownFileType = wrapper.framework; name = CoreData.framework; path = Platforms/MacOSX.platform/Developer/SDKs/MacOSX12.3.sdk/System/Library/Frameworks/CoreData.framework; sourceTree = DEVELOPER_DIR; };
		534F5DC7280474A300DCB275 /* CoreDataManager.swift */ = {isa = PBXFileReference; lastKnownFileType = sourcecode.swift; path = CoreDataManager.swift; sourceTree = "<group>"; };
		67BF383CCDD0E96374B9F2A1 /* Pods-INCoreDataExample.debug.xcconfig */ = {isa = PBXFileReference; includeInIndex = 1; lastKnownFileType = text.xcconfig; name = "Pods-INCoreDataExample.debug.xcconfig"; path = "Target Support Files/Pods-INCoreDataExample/Pods-INCoreDataExample.debug.xcconfig"; sourceTree = "<group>"; };
		81449F7F71630EA9DE31C59A /* Pods_INCoreData.framework */ = {isa = PBXFileReference; explicitFileType = wrapper.framework; includeInIndex = 0; path = Pods_INCoreData.framework; sourceTree = BUILT_PRODUCTS_DIR; };
		8A994B1FCB95EA20F41E4942 /* Pods-INCoreDataTests.release.xcconfig */ = {isa = PBXFileReference; includeInIndex = 1; lastKnownFileType = text.xcconfig; name = "Pods-INCoreDataTests.release.xcconfig"; path = "Target Support Files/Pods-INCoreDataTests/Pods-INCoreDataTests.release.xcconfig"; sourceTree = "<group>"; };
		D2E8259FAF6787CBFA87BD66 /* Pods-INCoreData.release.xcconfig */ = {isa = PBXFileReference; includeInIndex = 1; lastKnownFileType = text.xcconfig; name = "Pods-INCoreData.release.xcconfig"; path = "Target Support Files/Pods-INCoreData/Pods-INCoreData.release.xcconfig"; sourceTree = "<group>"; };
		D8B4F37595AC576D2D0591E2 /* Pods-INCoreDataExample.release.xcconfig */ = {isa = PBXFileReference; includeInIndex = 1; lastKnownFileType = text.xcconfig; name = "Pods-INCoreDataExample.release.xcconfig"; path = "Target Support Files/Pods-INCoreDataExample/Pods-INCoreDataExample.release.xcconfig"; sourceTree = "<group>"; };
		ED7110E49069F4253BA41074 /* Pods-INCoreDataTests.debug.xcconfig */ = {isa = PBXFileReference; includeInIndex = 1; lastKnownFileType = text.xcconfig; name = "Pods-INCoreDataTests.debug.xcconfig"; path = "Target Support Files/Pods-INCoreDataTests/Pods-INCoreDataTests.debug.xcconfig"; sourceTree = "<group>"; };
		FB55D7ABEC1132CCF782889E /* Pods_INCoreDataExample.framework */ = {isa = PBXFileReference; explicitFileType = wrapper.framework; includeInIndex = 0; path = Pods_INCoreDataExample.framework; sourceTree = BUILT_PRODUCTS_DIR; };
/* End PBXFileReference section */

/* Begin PBXFrameworksBuildPhase section */
		26FCE6CC27D1F9C600C229DA /* Frameworks */ = {
			isa = PBXFrameworksBuildPhase;
			buildActionMask = 2147483647;
			files = (
				26FCE6FC27D1FAD700C229DA /* INCoreData.framework in Frameworks */,
				264EEF182882C3E200874DF8 /* INCommons in Frameworks */,
				9A886A5C404411A5FADCA8C6 /* Pods_INCoreDataExample.framework in Frameworks */,
			);
			runOnlyForDeploymentPostprocessing = 0;
		};
		26FCE6E427D1FAD600C229DA /* Frameworks */ = {
			isa = PBXFrameworksBuildPhase;
			buildActionMask = 2147483647;
			files = (
				41980954330F1CBB38EA8773 /* Pods_INCoreData.framework in Frameworks */,
				534F5D842804616900DCB275 /* CoreData.framework in Frameworks */,
			);
			runOnlyForDeploymentPostprocessing = 0;
		};
		26FCE6ED27D1FAD700C229DA /* Frameworks */ = {
			isa = PBXFrameworksBuildPhase;
			buildActionMask = 2147483647;
			files = (
				26FCE6F127D1FAD700C229DA /* INCoreData.framework in Frameworks */,
				1FF6B17CBF3EC43F3C3E7337 /* Pods_INCoreDataTests.framework in Frameworks */,
			);
			runOnlyForDeploymentPostprocessing = 0;
		};
/* End PBXFrameworksBuildPhase section */

/* Begin PBXGroup section */
		263494592879E81C0092B8FF /* PersistentContainer */ = {
			isa = PBXGroup;
			children = (
				26349454287998F20092B8FF /* PersistentContainer.swift */,
				262EA4F72896600500717F54 /* PersistentContainerParameter.swift */,
			);
			path = PersistentContainer;
			sourceTree = "<group>";
		};
		267F4D2F2838AC6B00DC42E5 /* Helper */ = {
			isa = PBXGroup;
			children = (
				26BA6EC1288C3B9F0012D429 /* CoreDataPreview.swift */,
				267F4D2D2838AC5700DC42E5 /* ManagedNotification.swift */,
				268D4FD42854F36A003B18C8 /* ManagedObjectChange.swift */,
				268D4FD22854F304003B18C8 /* ManagedObjectChangeType.swift */,
				260786BB289D5D2600504907 /* ManagedObjectModelWrapping.swift */,
				263B44D3285C70F40055B8D4 /* ManagedObjectsChange.swift */,
				260786BC289D5D2600504907 /* ManagedObjectWrappingModel.swift */,
				26E99C2D289F84F1007CAF55 /* ManagedObjectWrappingModel+Context.swift */,
				26E99C2B289F8468007CAF55 /* ManagedObjectWrappingModel+ReferenceManipulation.swift */,
				26713CEE283120CA008456E9 /* NSManagedObject+InContext.swift */,
				267F4D322838B0B700DC42E5 /* Notification+ManagedObjects.swift */,
			);
			path = Helper;
			sourceTree = "<group>";
		};
		267F4D312838AC9B00DC42E5 /* CoreDataManager */ = {
			isa = PBXGroup;
			children = (
				534F5DC7280474A300DCB275 /* CoreDataManager.swift */,
				2634945A2879E8330092B8FF /* CoreDataManagerError.swift */,
				2634945E287AAAF60092B8FF /* CoreDataManagerLogic.swift */,
				26713CF42831248C008456E9 /* CoreDataManager+Publisher.swift */,
			);
			path = CoreDataManager;
			sourceTree = "<group>";
		};
		26EC46CC2882B60200DC733E /* INCoreDataTests */ = {
			isa = PBXGroup;
			children = (
				26EC46D22882B60200DC733E /* CoreDataManager */,
				26EC46DF2882B60200DC733E /* Helper */,
				26EC46DB2882B60200DC733E /* PersistentContainer */,
				26EC46CD2882B60200DC733E /* TestModel */,
				26EC46E12882B60200DC733E /* XCTestCase+additions.swift */,
			);
			path = INCoreDataTests;
			sourceTree = "<group>";
		};
		26EC46CD2882B60200DC733E /* TestModel */ = {
			isa = PBXGroup;
			children = (
				26EC46CE2882B60200DC733E /* TestModel.xcdatamodeld */,
				26EC46D12882B60200DC733E /* TestModelName.swift */,
				26E99C31289F85E4007CAF55 /* FooModel.swift */,
				26E99C34289F8793007CAF55 /* BarModel.swift */,
			);
			path = TestModel;
			sourceTree = "<group>";
		};
		26EC46D22882B60200DC733E /* CoreDataManager */ = {
			isa = PBXGroup;
			children = (
				26EC46D42882B60200DC733E /* CoreDataManagerIntegrationTests.swift */,
				26BA6ECB288C9CA70012D429 /* CoreDataManager_loadStoreTests.swift */,
				261C7F11288F196A004559B0 /* CoreDataManager_MemoryLeakTests.swift */,
				26EC46D32882B60200DC733E /* CoreDataManager_performTaskTests.swift */,
				26EC46D52882B60200DC733E /* CoreDataManager_PublisherManagedObject_ObjectChangedTests.swift */,
				26EC46DA2882B60200DC733E /* CoreDataManager_PublisherManagedObject_ContextSavedTests.swift */,
				26EC46D92882B60200DC733E /* CoreDataManager_PublisherManagedObjectType_ContextSavedTests.swift */,
				26EC46D82882B60200DC733E /* CoreDataManager_PublisherManagedObjectType_ObjectChangedTests.swift */,
				26EC46D62882B60200DC733E /* CoreDataManager_PublisherManagedObjectType_UnionedContextSaveTests.swift */,
				26A8B81A28A581E000B8A487 /* CoreDataManager_PublisherContext_ContextSaveTests.swift */,
				26EC46D72882B60200DC733E /* CoreDataManager_RaceConditionTests.swift */,
			);
			path = CoreDataManager;
			sourceTree = "<group>";
		};
		26EC46DB2882B60200DC733E /* PersistentContainer */ = {
			isa = PBXGroup;
			children = (
				26EC46DC2882B60200DC733E /* PersistentContainerMock.swift */,
				26EC46DE2882B60200DC733E /* PersistentContainer_contextTests.swift */,
				26EC46DD2882B60200DC733E /* PersistentContainer_initTests.swift */,
			);
			path = PersistentContainer;
			sourceTree = "<group>";
		};
		26EC46DF2882B60200DC733E /* Helper */ = {
			isa = PBXGroup;
			children = (
				26EC46E02882B60200DC733E /* NSManagedObject+InContextTests.swift */,
				260786BF289D5DE000504907 /* ManagedObjectWrappingModelTests.swift */,
				26E99C2F289F8567007CAF55 /* ManagedObjectWrappingModel+ContextTests.swift */,
				26E99C36289F9562007CAF55 /* ManagedObjectWrappingModel+ReferenceManipulationTests.swift */,
			);
			path = Helper;
			sourceTree = "<group>";
		};
		26FCE6C627D1F9C600C229DA = {
			isa = PBXGroup;
			children = (
				26EC46C82882B0C300DC733E /* Package.swift */,
				26FCE70B27D2137300C229DA /* README.md */,
				26F42BEB2871D37800FB6251 /* docu */,
				26FCE6E027D1FA1D00C229DA /* Sources */,
				26FCE6E127D1FA1D00C229DA /* Tests */,
				26FCE6D027D1F9C600C229DA /* Products */,
				A1A334526A815466A067FA00 /* Pods */,
				2959848DA52289D979AB1FD6 /* Frameworks */,
			);
			sourceTree = "<group>";
		};
		26FCE6D027D1F9C600C229DA /* Products */ = {
			isa = PBXGroup;
			children = (
				26FCE6CF27D1F9C600C229DA /* INCoreDataExample.app */,
				26FCE6E727D1FAD600C229DA /* INCoreData.framework */,
				26FCE6F027D1FAD700C229DA /* INCoreDataTests.xctest */,
			);
			name = Products;
			sourceTree = "<group>";
		};
		26FCE6D127D1F9C600C229DA /* INCoreDataExample */ = {
			isa = PBXGroup;
			children = (
				26FCE6D227D1F9C600C229DA /* INCoreDataExampleApp.swift */,
				262C9CCE285F117300DD6D41 /* StartView.swift */,
				262C9CD0285F132300DD6D41 /* UsageView.swift */,
				262C9CDA285F44D600DD6D41 /* UsageViewModel.swift */,
				262C9CD8285F3CD500DD6D41 /* ItemModel.swift */,
				26E99C38289FDD51007CAF55 /* ItemViewModel.swift */,
				26FCE6D627D1F9C700C229DA /* Assets.xcassets */,
				26FCE6D827D1F9C700C229DA /* Preview Content */,
				532C387328062E6500B513B1 /* DataModel.xcdatamodeld */,
			);
			path = INCoreDataExample;
			sourceTree = "<group>";
		};
		26FCE6D827D1F9C700C229DA /* Preview Content */ = {
			isa = PBXGroup;
			children = (
				26FCE6D927D1F9C700C229DA /* Preview Assets.xcassets */,
				26BA6EBF288BDD8C0012D429 /* PreviewData.swift */,
			);
			path = "Preview Content";
			sourceTree = "<group>";
		};
		26FCE6E027D1FA1D00C229DA /* Sources */ = {
			isa = PBXGroup;
			children = (
				26FCE6E827D1FAD600C229DA /* INCoreData */,
				26FCE6D127D1F9C600C229DA /* INCoreDataExample */,
			);
			path = Sources;
			sourceTree = "<group>";
		};
		26FCE6E127D1FA1D00C229DA /* Tests */ = {
			isa = PBXGroup;
			children = (
				26EC46CC2882B60200DC733E /* INCoreDataTests */,
			);
			path = Tests;
			sourceTree = "<group>";
		};
		26FCE6E827D1FAD600C229DA /* INCoreData */ = {
			isa = PBXGroup;
			children = (
				26FCE6E927D1FAD600C229DA /* INCoreData.h */,
				267F4D312838AC9B00DC42E5 /* CoreDataManager */,
				267F4D2F2838AC6B00DC42E5 /* Helper */,
				263494592879E81C0092B8FF /* PersistentContainer */,
			);
			path = INCoreData;
			sourceTree = "<group>";
		};
		2959848DA52289D979AB1FD6 /* Frameworks */ = {
			isa = PBXGroup;
			children = (
				534F5D832804616900DCB275 /* CoreData.framework */,
				81449F7F71630EA9DE31C59A /* Pods_INCoreData.framework */,
				FB55D7ABEC1132CCF782889E /* Pods_INCoreDataExample.framework */,
				239E24B414CA6568739AEA53 /* Pods_INCoreDataTests.framework */,
			);
			name = Frameworks;
			sourceTree = "<group>";
		};
		A1A334526A815466A067FA00 /* Pods */ = {
			isa = PBXGroup;
			children = (
				1D3CF85261265366D7A83882 /* Pods-INCoreData.debug.xcconfig */,
				D2E8259FAF6787CBFA87BD66 /* Pods-INCoreData.release.xcconfig */,
				67BF383CCDD0E96374B9F2A1 /* Pods-INCoreDataExample.debug.xcconfig */,
				D8B4F37595AC576D2D0591E2 /* Pods-INCoreDataExample.release.xcconfig */,
				ED7110E49069F4253BA41074 /* Pods-INCoreDataTests.debug.xcconfig */,
				8A994B1FCB95EA20F41E4942 /* Pods-INCoreDataTests.release.xcconfig */,
			);
			path = Pods;
			sourceTree = "<group>";
		};
/* End PBXGroup section */

/* Begin PBXHeadersBuildPhase section */
		26FCE6E227D1FAD600C229DA /* Headers */ = {
			isa = PBXHeadersBuildPhase;
			buildActionMask = 2147483647;
			files = (
				26FCE6F927D1FAD700C229DA /* INCoreData.h in Headers */,
			);
			runOnlyForDeploymentPostprocessing = 0;
		};
/* End PBXHeadersBuildPhase section */

/* Begin PBXNativeTarget section */
		26FCE6CE27D1F9C600C229DA /* INCoreDataExample */ = {
			isa = PBXNativeTarget;
			buildConfigurationList = 26FCE6DD27D1F9C700C229DA /* Build configuration list for PBXNativeTarget "INCoreDataExample" */;
			buildPhases = (
				37BF3F21F4322B6E0EEEC86F /* [CP] Check Pods Manifest.lock */,
				26FCE6CB27D1F9C600C229DA /* Sources */,
				26FCE6CC27D1F9C600C229DA /* Frameworks */,
				26FCE6CD27D1F9C600C229DA /* Resources */,
				26FCE70127D1FAD700C229DA /* Embed Frameworks */,
			);
			buildRules = (
			);
			dependencies = (
				26FCE6FB27D1FAD700C229DA /* PBXTargetDependency */,
			);
			name = INCoreDataExample;
			packageProductDependencies = (
				264EEF172882C3E200874DF8 /* INCommons */,
			);
			productName = INCoreDataExample;
			productReference = 26FCE6CF27D1F9C600C229DA /* INCoreDataExample.app */;
			productType = "com.apple.product-type.application";
		};
		26FCE6E627D1FAD600C229DA /* INCoreData */ = {
			isa = PBXNativeTarget;
			buildConfigurationList = 26FCE6FE27D1FAD700C229DA /* Build configuration list for PBXNativeTarget "INCoreData" */;
			buildPhases = (
				9D0DC6C45750C6510E64A69D /* [CP] Check Pods Manifest.lock */,
				26FCE70C27D214E900C229DA /* Install GitHooks */,
				26FCE70D27D2152400C229DA /* SwiftLint */,
				26FCE6E227D1FAD600C229DA /* Headers */,
				26FCE6E327D1FAD600C229DA /* Sources */,
				26FCE6E427D1FAD600C229DA /* Frameworks */,
				26FCE6E527D1FAD600C229DA /* Resources */,
			);
			buildRules = (
			);
			dependencies = (
			);
			name = INCoreData;
			packageProductDependencies = (
			);
			productName = INCoreData;
			productReference = 26FCE6E727D1FAD600C229DA /* INCoreData.framework */;
			productType = "com.apple.product-type.framework";
		};
		26FCE6EF27D1FAD700C229DA /* INCoreDataTests */ = {
			isa = PBXNativeTarget;
			buildConfigurationList = 26FCE70227D1FAD700C229DA /* Build configuration list for PBXNativeTarget "INCoreDataTests" */;
			buildPhases = (
				4B5D2611A5448FF2A4DF2FEA /* [CP] Check Pods Manifest.lock */,
				26FCE6EC27D1FAD700C229DA /* Sources */,
				26FCE6ED27D1FAD700C229DA /* Frameworks */,
				26FCE6EE27D1FAD700C229DA /* Resources */,
			);
			buildRules = (
			);
			dependencies = (
				26FCE6F327D1FAD700C229DA /* PBXTargetDependency */,
				26FCE6F527D1FAD700C229DA /* PBXTargetDependency */,
			);
			name = INCoreDataTests;
			packageProductDependencies = (
			);
			productName = INCoreDataTests;
			productReference = 26FCE6F027D1FAD700C229DA /* INCoreDataTests.xctest */;
			productType = "com.apple.product-type.bundle.unit-test";
		};
/* End PBXNativeTarget section */

/* Begin PBXProject section */
		26FCE6C727D1F9C600C229DA /* Project object */ = {
			isa = PBXProject;
			attributes = {
				BuildIndependentTargetsInParallel = 1;
				LastSwiftUpdateCheck = 1320;
				LastUpgradeCheck = 1400;
				TargetAttributes = {
					26FCE6CE27D1F9C600C229DA = {
						CreatedOnToolsVersion = 13.2.1;
					};
					26FCE6E627D1FAD600C229DA = {
						CreatedOnToolsVersion = 13.2.1;
						LastSwiftMigration = 1330;
					};
					26FCE6EF27D1FAD700C229DA = {
						CreatedOnToolsVersion = 13.2.1;
						LastSwiftMigration = 1330;
					};
					26FCE71027D215C800C229DA = {
						CreatedOnToolsVersion = 13.2.1;
					};
				};
			};
			buildConfigurationList = 26FCE6CA27D1F9C600C229DA /* Build configuration list for PBXProject "INCoreData" */;
			compatibilityVersion = "Xcode 13.0";
			developmentRegion = en;
			hasScannedForEncodings = 0;
			knownRegions = (
				en,
				Base,
			);
			mainGroup = 26FCE6C627D1F9C600C229DA;
			packageReferences = (
				264EEF162882C3E200874DF8 /* XCRemoteSwiftPackageReference "INCommons" */,
			);
			productRefGroup = 26FCE6D027D1F9C600C229DA /* Products */;
			projectDirPath = "";
			projectRoot = "";
			targets = (
				26FCE6CE27D1F9C600C229DA /* INCoreDataExample */,
				26FCE6E627D1FAD600C229DA /* INCoreData */,
				26FCE6EF27D1FAD700C229DA /* INCoreDataTests */,
				26FCE71027D215C800C229DA /* SwiftFormat */,
			);
		};
/* End PBXProject section */

/* Begin PBXResourcesBuildPhase section */
		26FCE6CD27D1F9C600C229DA /* Resources */ = {
			isa = PBXResourcesBuildPhase;
			buildActionMask = 2147483647;
			files = (
				26FCE6DA27D1F9C700C229DA /* Preview Assets.xcassets in Resources */,
				26FCE6D727D1F9C700C229DA /* Assets.xcassets in Resources */,
			);
			runOnlyForDeploymentPostprocessing = 0;
		};
		26FCE6E527D1FAD600C229DA /* Resources */ = {
			isa = PBXResourcesBuildPhase;
			buildActionMask = 2147483647;
			files = (
			);
			runOnlyForDeploymentPostprocessing = 0;
		};
		26FCE6EE27D1FAD700C229DA /* Resources */ = {
			isa = PBXResourcesBuildPhase;
			buildActionMask = 2147483647;
			files = (
			);
			runOnlyForDeploymentPostprocessing = 0;
		};
/* End PBXResourcesBuildPhase section */

/* Begin PBXShellScriptBuildPhase section */
		26FCE70C27D214E900C229DA /* Install GitHooks */ = {
			isa = PBXShellScriptBuildPhase;
			alwaysOutOfDate = 1;
			buildActionMask = 2147483647;
			files = (
			);
			inputFileListPaths = (
			);
			inputPaths = (
			);
			name = "Install GitHooks";
			outputFileListPaths = (
			);
			outputPaths = (
			);
			runOnlyForDeploymentPostprocessing = 0;
			shellPath = /bin/sh;
			shellScript = "./Scripts/copyGitHooks.sh\n";
		};
		26FCE70D27D2152400C229DA /* SwiftLint */ = {
			isa = PBXShellScriptBuildPhase;
			alwaysOutOfDate = 1;
			buildActionMask = 2147483647;
			files = (
			);
			inputFileListPaths = (
			);
			inputPaths = (
			);
			name = SwiftLint;
			outputFileListPaths = (
			);
			outputPaths = (
			);
			runOnlyForDeploymentPostprocessing = 0;
			shellPath = /bin/sh;
			shellScript = "\"${PODS_ROOT}/SwiftLint/swiftlint\" lint\n";
		};
		26FCE71427D215DD00C229DA /* Extract Swift Version Number */ = {
			isa = PBXShellScriptBuildPhase;
			alwaysOutOfDate = 1;
			buildActionMask = 2147483647;
			files = (
			);
			inputFileListPaths = (
			);
			inputPaths = (
			);
			name = "Extract Swift Version Number";
			outputFileListPaths = (
			);
			outputPaths = (
			);
			runOnlyForDeploymentPostprocessing = 0;
			shellPath = /bin/sh;
			shellScript = ". Scripts/extractSwiftVersion.sh\n";
		};
		26FCE71527D215F400C229DA /* SwiftFormat */ = {
			isa = PBXShellScriptBuildPhase;
			alwaysOutOfDate = 1;
			buildActionMask = 2147483647;
			files = (
			);
			inputFileListPaths = (
			);
			inputPaths = (
			);
			name = SwiftFormat;
			outputFileListPaths = (
			);
			outputPaths = (
			);
			runOnlyForDeploymentPostprocessing = 0;
			shellPath = /bin/sh;
			shellScript = ". config.sh\n\"Pods/SwiftFormat/CommandLineTool/swiftformat\" ${SWIFT_FORMAT_CODE_PATHS[*]} --exclude ${SWIFT_FORMAT_EXCLUDE_PATHS}\n";
		};
		37BF3F21F4322B6E0EEEC86F /* [CP] Check Pods Manifest.lock */ = {
			isa = PBXShellScriptBuildPhase;
			buildActionMask = 2147483647;
			files = (
			);
			inputFileListPaths = (
			);
			inputPaths = (
				"${PODS_PODFILE_DIR_PATH}/Podfile.lock",
				"${PODS_ROOT}/Manifest.lock",
			);
			name = "[CP] Check Pods Manifest.lock";
			outputFileListPaths = (
			);
			outputPaths = (
				"$(DERIVED_FILE_DIR)/Pods-INCoreDataExample-checkManifestLockResult.txt",
			);
			runOnlyForDeploymentPostprocessing = 0;
			shellPath = /bin/sh;
			shellScript = "diff \"${PODS_PODFILE_DIR_PATH}/Podfile.lock\" \"${PODS_ROOT}/Manifest.lock\" > /dev/null\nif [ $? != 0 ] ; then\n    # print error to STDERR\n    echo \"error: The sandbox is not in sync with the Podfile.lock. Run 'pod install' or update your CocoaPods installation.\" >&2\n    exit 1\nfi\n# This output is used by Xcode 'outputs' to avoid re-running this script phase.\necho \"SUCCESS\" > \"${SCRIPT_OUTPUT_FILE_0}\"\n";
			showEnvVarsInLog = 0;
		};
		4B5D2611A5448FF2A4DF2FEA /* [CP] Check Pods Manifest.lock */ = {
			isa = PBXShellScriptBuildPhase;
			buildActionMask = 2147483647;
			files = (
			);
			inputFileListPaths = (
			);
			inputPaths = (
				"${PODS_PODFILE_DIR_PATH}/Podfile.lock",
				"${PODS_ROOT}/Manifest.lock",
			);
			name = "[CP] Check Pods Manifest.lock";
			outputFileListPaths = (
			);
			outputPaths = (
				"$(DERIVED_FILE_DIR)/Pods-INCoreDataTests-checkManifestLockResult.txt",
			);
			runOnlyForDeploymentPostprocessing = 0;
			shellPath = /bin/sh;
			shellScript = "diff \"${PODS_PODFILE_DIR_PATH}/Podfile.lock\" \"${PODS_ROOT}/Manifest.lock\" > /dev/null\nif [ $? != 0 ] ; then\n    # print error to STDERR\n    echo \"error: The sandbox is not in sync with the Podfile.lock. Run 'pod install' or update your CocoaPods installation.\" >&2\n    exit 1\nfi\n# This output is used by Xcode 'outputs' to avoid re-running this script phase.\necho \"SUCCESS\" > \"${SCRIPT_OUTPUT_FILE_0}\"\n";
			showEnvVarsInLog = 0;
		};
		9D0DC6C45750C6510E64A69D /* [CP] Check Pods Manifest.lock */ = {
			isa = PBXShellScriptBuildPhase;
			buildActionMask = 2147483647;
			files = (
			);
			inputFileListPaths = (
			);
			inputPaths = (
				"${PODS_PODFILE_DIR_PATH}/Podfile.lock",
				"${PODS_ROOT}/Manifest.lock",
			);
			name = "[CP] Check Pods Manifest.lock";
			outputFileListPaths = (
			);
			outputPaths = (
				"$(DERIVED_FILE_DIR)/Pods-INCoreData-checkManifestLockResult.txt",
			);
			runOnlyForDeploymentPostprocessing = 0;
			shellPath = /bin/sh;
			shellScript = "diff \"${PODS_PODFILE_DIR_PATH}/Podfile.lock\" \"${PODS_ROOT}/Manifest.lock\" > /dev/null\nif [ $? != 0 ] ; then\n    # print error to STDERR\n    echo \"error: The sandbox is not in sync with the Podfile.lock. Run 'pod install' or update your CocoaPods installation.\" >&2\n    exit 1\nfi\n# This output is used by Xcode 'outputs' to avoid re-running this script phase.\necho \"SUCCESS\" > \"${SCRIPT_OUTPUT_FILE_0}\"\n";
			showEnvVarsInLog = 0;
		};
/* End PBXShellScriptBuildPhase section */

/* Begin PBXSourcesBuildPhase section */
		26FCE6CB27D1F9C600C229DA /* Sources */ = {
			isa = PBXSourcesBuildPhase;
			buildActionMask = 2147483647;
			files = (
				532C387528062E6500B513B1 /* DataModel.xcdatamodeld in Sources */,
				26E99C39289FDD51007CAF55 /* ItemViewModel.swift in Sources */,
				262C9CD1285F132300DD6D41 /* UsageView.swift in Sources */,
				26FCE6D327D1F9C600C229DA /* INCoreDataExampleApp.swift in Sources */,
				262C9CDB285F44D600DD6D41 /* UsageViewModel.swift in Sources */,
				26BA6EC0288BDD8C0012D429 /* PreviewData.swift in Sources */,
				262C9CD9285F3CD500DD6D41 /* ItemModel.swift in Sources */,
				262C9CCF285F117300DD6D41 /* StartView.swift in Sources */,
			);
			runOnlyForDeploymentPostprocessing = 0;
		};
		26FCE6E327D1FAD600C229DA /* Sources */ = {
			isa = PBXSourcesBuildPhase;
			buildActionMask = 2147483647;
			files = (
				260786BD289D5D2600504907 /* ManagedObjectModelWrapping.swift in Sources */,
				534F5DC8280474A300DCB275 /* CoreDataManager.swift in Sources */,
				262EA4F82896600500717F54 /* PersistentContainerParameter.swift in Sources */,
				26E99C2E289F84F1007CAF55 /* ManagedObjectWrappingModel+Context.swift in Sources */,
				26BA6EC2288C3B9F0012D429 /* CoreDataPreview.swift in Sources */,
				263B44D4285C70F40055B8D4 /* ManagedObjectsChange.swift in Sources */,
				2634945F287AAAF60092B8FF /* CoreDataManagerLogic.swift in Sources */,
				268D4FD52854F36A003B18C8 /* ManagedObjectChange.swift in Sources */,
				26713CEF283120CB008456E9 /* NSManagedObject+InContext.swift in Sources */,
				268D4FD32854F304003B18C8 /* ManagedObjectChangeType.swift in Sources */,
				26E99C2C289F8468007CAF55 /* ManagedObjectWrappingModel+ReferenceManipulation.swift in Sources */,
				2634945B2879E8330092B8FF /* CoreDataManagerError.swift in Sources */,
				267F4D2E2838AC5700DC42E5 /* ManagedNotification.swift in Sources */,
				26713CF52831248C008456E9 /* CoreDataManager+Publisher.swift in Sources */,
				260786BE289D5D2600504907 /* ManagedObjectWrappingModel.swift in Sources */,
				267F4D332838B0B700DC42E5 /* Notification+ManagedObjects.swift in Sources */,
				26349455287998F20092B8FF /* PersistentContainer.swift in Sources */,
			);
			runOnlyForDeploymentPostprocessing = 0;
		};
		26FCE6EC27D1FAD700C229DA /* Sources */ = {
			isa = PBXSourcesBuildPhase;
			buildActionMask = 2147483647;
			files = (
				26EC46E52882B60200DC733E /* CoreDataManagerIntegrationTests.swift in Sources */,
				26A8B81B28A581E000B8A487 /* CoreDataManager_PublisherContext_ContextSaveTests.swift in Sources */,
				26EC46EE2882B60200DC733E /* PersistentContainer_contextTests.swift in Sources */,
				264EEF1E28845B6400874DF8 /* CoreDataManager_PublisherManagedObjectType_UnionedContextSaveTests.swift in Sources */,
				26E99C35289F8793007CAF55 /* BarModel.swift in Sources */,
				264EEF1F2884613900874DF8 /* CoreDataManager_RaceConditionTests.swift in Sources */,
				26EC46E42882B60200DC733E /* CoreDataManager_performTaskTests.swift in Sources */,
				264EEF1D288454C500874DF8 /* CoreDataManager_PublisherManagedObjectType_ObjectChangedTests.swift in Sources */,
				26EC46E22882B60200DC733E /* TestModel.xcdatamodeld in Sources */,
				26EC46F02882B60200DC733E /* XCTestCase+additions.swift in Sources */,
				26EC46E32882B60200DC733E /* TestModelName.swift in Sources */,
				26EC46E62882B60200DC733E /* CoreDataManager_PublisherManagedObject_ObjectChangedTests.swift in Sources */,
				26E99C30289F8567007CAF55 /* ManagedObjectWrappingModel+ContextTests.swift in Sources */,
				26EC46EC2882B60200DC733E /* PersistentContainerMock.swift in Sources */,
				26E99C37289F9562007CAF55 /* ManagedObjectWrappingModel+ReferenceManipulationTests.swift in Sources */,
				260786C0289D5DE000504907 /* ManagedObjectWrappingModelTests.swift in Sources */,
				264EEF1C288431E600874DF8 /* CoreDataManager_PublisherManagedObjectType_ContextSavedTests.swift in Sources */,
				26E99C33289F8689007CAF55 /* FooModel.swift in Sources */,
				26BA6ECC288C9CA70012D429 /* CoreDataManager_loadStoreTests.swift in Sources */,
				26EC46ED2882B60200DC733E /* PersistentContainer_initTests.swift in Sources */,
				26EC46EF2882B60200DC733E /* NSManagedObject+InContextTests.swift in Sources */,
				264EEF192882D96F00874DF8 /* CoreDataManager_PublisherManagedObject_ContextSavedTests.swift in Sources */,
				261C7F12288F196A004559B0 /* CoreDataManager_MemoryLeakTests.swift in Sources */,
			);
			runOnlyForDeploymentPostprocessing = 0;
		};
/* End PBXSourcesBuildPhase section */

/* Begin PBXTargetDependency section */
		26FCE6F327D1FAD700C229DA /* PBXTargetDependency */ = {
			isa = PBXTargetDependency;
			target = 26FCE6E627D1FAD600C229DA /* INCoreData */;
			targetProxy = 26FCE6F227D1FAD700C229DA /* PBXContainerItemProxy */;
		};
		26FCE6F527D1FAD700C229DA /* PBXTargetDependency */ = {
			isa = PBXTargetDependency;
			target = 26FCE6CE27D1F9C600C229DA /* INCoreDataExample */;
			targetProxy = 26FCE6F427D1FAD700C229DA /* PBXContainerItemProxy */;
		};
		26FCE6FB27D1FAD700C229DA /* PBXTargetDependency */ = {
			isa = PBXTargetDependency;
			target = 26FCE6E627D1FAD600C229DA /* INCoreData */;
			targetProxy = 26FCE6FA27D1FAD700C229DA /* PBXContainerItemProxy */;
		};
/* End PBXTargetDependency section */

/* Begin XCBuildConfiguration section */
		26FCE6DB27D1F9C700C229DA /* Debug */ = {
			isa = XCBuildConfiguration;
			buildSettings = {
				ALWAYS_SEARCH_USER_PATHS = NO;
				CLANG_ANALYZER_NONNULL = YES;
				CLANG_ANALYZER_NUMBER_OBJECT_CONVERSION = YES_AGGRESSIVE;
				CLANG_CXX_LANGUAGE_STANDARD = "gnu++17";
				CLANG_CXX_LIBRARY = "libc++";
				CLANG_ENABLE_MODULES = YES;
				CLANG_ENABLE_OBJC_ARC = YES;
				CLANG_ENABLE_OBJC_WEAK = YES;
				CLANG_WARN_BLOCK_CAPTURE_AUTORELEASING = YES;
				CLANG_WARN_BOOL_CONVERSION = YES;
				CLANG_WARN_COMMA = YES;
				CLANG_WARN_CONSTANT_CONVERSION = YES;
				CLANG_WARN_DEPRECATED_OBJC_IMPLEMENTATIONS = YES;
				CLANG_WARN_DIRECT_OBJC_ISA_USAGE = YES_ERROR;
				CLANG_WARN_DOCUMENTATION_COMMENTS = YES;
				CLANG_WARN_EMPTY_BODY = YES;
				CLANG_WARN_ENUM_CONVERSION = YES;
				CLANG_WARN_INFINITE_RECURSION = YES;
				CLANG_WARN_INT_CONVERSION = YES;
				CLANG_WARN_NON_LITERAL_NULL_CONVERSION = YES;
				CLANG_WARN_OBJC_IMPLICIT_RETAIN_SELF = YES;
				CLANG_WARN_OBJC_LITERAL_CONVERSION = YES;
				CLANG_WARN_OBJC_ROOT_CLASS = YES_ERROR;
				CLANG_WARN_QUOTED_INCLUDE_IN_FRAMEWORK_HEADER = YES;
				CLANG_WARN_RANGE_LOOP_ANALYSIS = YES;
				CLANG_WARN_STRICT_PROTOTYPES = YES;
				CLANG_WARN_SUSPICIOUS_MOVE = YES;
				CLANG_WARN_UNGUARDED_AVAILABILITY = YES_AGGRESSIVE;
				CLANG_WARN_UNREACHABLE_CODE = YES;
				CLANG_WARN__DUPLICATE_METHOD_MATCH = YES;
				COPY_PHASE_STRIP = NO;
				DEBUG_INFORMATION_FORMAT = dwarf;
				ENABLE_STRICT_OBJC_MSGSEND = YES;
				ENABLE_TESTABILITY = YES;
				GCC_C_LANGUAGE_STANDARD = gnu11;
				GCC_DYNAMIC_NO_PIC = NO;
				GCC_NO_COMMON_BLOCKS = YES;
				GCC_OPTIMIZATION_LEVEL = 0;
				GCC_PREPROCESSOR_DEFINITIONS = (
					"DEBUG=1",
					"$(inherited)",
				);
				GCC_WARN_64_TO_32_BIT_CONVERSION = YES;
				GCC_WARN_ABOUT_RETURN_TYPE = YES_ERROR;
				GCC_WARN_UNDECLARED_SELECTOR = YES;
				GCC_WARN_UNINITIALIZED_AUTOS = YES_AGGRESSIVE;
				GCC_WARN_UNUSED_FUNCTION = YES;
				GCC_WARN_UNUSED_VARIABLE = YES;
				IPHONEOS_DEPLOYMENT_TARGET = 15.2;
				MTL_ENABLE_DEBUG_INFO = INCLUDE_SOURCE;
				MTL_FAST_MATH = YES;
				ONLY_ACTIVE_ARCH = YES;
				SDKROOT = iphoneos;
				SWIFT_ACTIVE_COMPILATION_CONDITIONS = DEBUG;
				SWIFT_OPTIMIZATION_LEVEL = "-Onone";
			};
			name = Debug;
		};
		26FCE6DC27D1F9C700C229DA /* Release */ = {
			isa = XCBuildConfiguration;
			buildSettings = {
				ALWAYS_SEARCH_USER_PATHS = NO;
				CLANG_ANALYZER_NONNULL = YES;
				CLANG_ANALYZER_NUMBER_OBJECT_CONVERSION = YES_AGGRESSIVE;
				CLANG_CXX_LANGUAGE_STANDARD = "gnu++17";
				CLANG_CXX_LIBRARY = "libc++";
				CLANG_ENABLE_MODULES = YES;
				CLANG_ENABLE_OBJC_ARC = YES;
				CLANG_ENABLE_OBJC_WEAK = YES;
				CLANG_WARN_BLOCK_CAPTURE_AUTORELEASING = YES;
				CLANG_WARN_BOOL_CONVERSION = YES;
				CLANG_WARN_COMMA = YES;
				CLANG_WARN_CONSTANT_CONVERSION = YES;
				CLANG_WARN_DEPRECATED_OBJC_IMPLEMENTATIONS = YES;
				CLANG_WARN_DIRECT_OBJC_ISA_USAGE = YES_ERROR;
				CLANG_WARN_DOCUMENTATION_COMMENTS = YES;
				CLANG_WARN_EMPTY_BODY = YES;
				CLANG_WARN_ENUM_CONVERSION = YES;
				CLANG_WARN_INFINITE_RECURSION = YES;
				CLANG_WARN_INT_CONVERSION = YES;
				CLANG_WARN_NON_LITERAL_NULL_CONVERSION = YES;
				CLANG_WARN_OBJC_IMPLICIT_RETAIN_SELF = YES;
				CLANG_WARN_OBJC_LITERAL_CONVERSION = YES;
				CLANG_WARN_OBJC_ROOT_CLASS = YES_ERROR;
				CLANG_WARN_QUOTED_INCLUDE_IN_FRAMEWORK_HEADER = YES;
				CLANG_WARN_RANGE_LOOP_ANALYSIS = YES;
				CLANG_WARN_STRICT_PROTOTYPES = YES;
				CLANG_WARN_SUSPICIOUS_MOVE = YES;
				CLANG_WARN_UNGUARDED_AVAILABILITY = YES_AGGRESSIVE;
				CLANG_WARN_UNREACHABLE_CODE = YES;
				CLANG_WARN__DUPLICATE_METHOD_MATCH = YES;
				COPY_PHASE_STRIP = NO;
				DEBUG_INFORMATION_FORMAT = "dwarf-with-dsym";
				ENABLE_NS_ASSERTIONS = NO;
				ENABLE_STRICT_OBJC_MSGSEND = YES;
				GCC_C_LANGUAGE_STANDARD = gnu11;
				GCC_NO_COMMON_BLOCKS = YES;
				GCC_WARN_64_TO_32_BIT_CONVERSION = YES;
				GCC_WARN_ABOUT_RETURN_TYPE = YES_ERROR;
				GCC_WARN_UNDECLARED_SELECTOR = YES;
				GCC_WARN_UNINITIALIZED_AUTOS = YES_AGGRESSIVE;
				GCC_WARN_UNUSED_FUNCTION = YES;
				GCC_WARN_UNUSED_VARIABLE = YES;
				IPHONEOS_DEPLOYMENT_TARGET = 15.2;
				MTL_ENABLE_DEBUG_INFO = NO;
				MTL_FAST_MATH = YES;
				SDKROOT = iphoneos;
				SWIFT_COMPILATION_MODE = wholemodule;
				SWIFT_OPTIMIZATION_LEVEL = "-O";
				VALIDATE_PRODUCT = YES;
			};
			name = Release;
		};
		26FCE6DE27D1F9C700C229DA /* Debug */ = {
			isa = XCBuildConfiguration;
			baseConfigurationReference = 67BF383CCDD0E96374B9F2A1 /* Pods-INCoreDataExample.debug.xcconfig */;
			buildSettings = {
				ASSETCATALOG_COMPILER_APPICON_NAME = AppIcon;
				ASSETCATALOG_COMPILER_GLOBAL_ACCENT_COLOR_NAME = AccentColor;
				CODE_SIGN_STYLE = Automatic;
				CURRENT_PROJECT_VERSION = 8;
				DEVELOPMENT_ASSET_PATHS = "Sources/INCoreDataExample/Preview\\ Content Sources/INCoreDataExample/Preview\\ Content/PreviewData.swift";
				DEVELOPMENT_TEAM = H6T8HJZGHY;
				ENABLE_PREVIEWS = YES;
				GENERATE_INFOPLIST_FILE = YES;
				INFOPLIST_KEY_UIApplicationSceneManifest_Generation = YES;
				INFOPLIST_KEY_UIApplicationSupportsIndirectInputEvents = YES;
				INFOPLIST_KEY_UILaunchScreen_Generation = YES;
				INFOPLIST_KEY_UISupportedInterfaceOrientations_iPad = "UIInterfaceOrientationPortrait UIInterfaceOrientationPortraitUpsideDown UIInterfaceOrientationLandscapeLeft UIInterfaceOrientationLandscapeRight";
				INFOPLIST_KEY_UISupportedInterfaceOrientations_iPhone = "UIInterfaceOrientationPortrait UIInterfaceOrientationLandscapeLeft UIInterfaceOrientationLandscapeRight";
				IPHONEOS_DEPLOYMENT_TARGET = 15.0;
				LD_RUNPATH_SEARCH_PATHS = (
					"$(inherited)",
					"@executable_path/Frameworks",
				);
				MARKETING_VERSION = 1.0.0;
				PRODUCT_BUNDLE_IDENTIFIER = "com.indie-software.INCoreDataExample";
				PRODUCT_NAME = "$(TARGET_NAME)";
				SWIFT_EMIT_LOC_STRINGS = YES;
				SWIFT_VERSION = 5.0;
				TARGETED_DEVICE_FAMILY = "1,2";
			};
			name = Debug;
		};
		26FCE6DF27D1F9C700C229DA /* Release */ = {
			isa = XCBuildConfiguration;
			baseConfigurationReference = D8B4F37595AC576D2D0591E2 /* Pods-INCoreDataExample.release.xcconfig */;
			buildSettings = {
				ASSETCATALOG_COMPILER_APPICON_NAME = AppIcon;
				ASSETCATALOG_COMPILER_GLOBAL_ACCENT_COLOR_NAME = AccentColor;
				CODE_SIGN_STYLE = Automatic;
				CURRENT_PROJECT_VERSION = 8;
				DEVELOPMENT_ASSET_PATHS = "Sources/INCoreDataExample/Preview\\ Content Sources/INCoreDataExample/Preview\\ Content/PreviewData.swift";
				DEVELOPMENT_TEAM = H6T8HJZGHY;
				ENABLE_PREVIEWS = YES;
				GENERATE_INFOPLIST_FILE = YES;
				INFOPLIST_KEY_UIApplicationSceneManifest_Generation = YES;
				INFOPLIST_KEY_UIApplicationSupportsIndirectInputEvents = YES;
				INFOPLIST_KEY_UILaunchScreen_Generation = YES;
				INFOPLIST_KEY_UISupportedInterfaceOrientations_iPad = "UIInterfaceOrientationPortrait UIInterfaceOrientationPortraitUpsideDown UIInterfaceOrientationLandscapeLeft UIInterfaceOrientationLandscapeRight";
				INFOPLIST_KEY_UISupportedInterfaceOrientations_iPhone = "UIInterfaceOrientationPortrait UIInterfaceOrientationLandscapeLeft UIInterfaceOrientationLandscapeRight";
				IPHONEOS_DEPLOYMENT_TARGET = 15.0;
				LD_RUNPATH_SEARCH_PATHS = (
					"$(inherited)",
					"@executable_path/Frameworks",
				);
				MARKETING_VERSION = 1.0.0;
				PRODUCT_BUNDLE_IDENTIFIER = "com.indie-software.INCoreDataExample";
				PRODUCT_NAME = "$(TARGET_NAME)";
				SWIFT_EMIT_LOC_STRINGS = YES;
				SWIFT_VERSION = 5.0;
				TARGETED_DEVICE_FAMILY = "1,2";
			};
			name = Release;
		};
		26FCE6FF27D1FAD700C229DA /* Debug */ = {
			isa = XCBuildConfiguration;
			baseConfigurationReference = 1D3CF85261265366D7A83882 /* Pods-INCoreData.debug.xcconfig */;
			buildSettings = {
				APPLICATION_EXTENSION_API_ONLY = YES;
				CLANG_ENABLE_MODULES = YES;
				CODE_SIGN_STYLE = Automatic;
				CURRENT_PROJECT_VERSION = 8;
				DEFINES_MODULE = YES;
				DEVELOPMENT_TEAM = H6T8HJZGHY;
				DYLIB_COMPATIBILITY_VERSION = 1;
				DYLIB_CURRENT_VERSION = 8;
				DYLIB_INSTALL_NAME_BASE = "@rpath";
				GENERATE_INFOPLIST_FILE = YES;
				INFOPLIST_KEY_NSHumanReadableCopyright = "";
				INSTALL_PATH = "$(LOCAL_LIBRARY_DIR)/Frameworks";
				IPHONEOS_DEPLOYMENT_TARGET = 15.0;
				LD_RUNPATH_SEARCH_PATHS = (
					"$(inherited)",
					"@executable_path/Frameworks",
					"@loader_path/Frameworks",
				);
				MARKETING_VERSION = 1.0.5;
				PRODUCT_BUNDLE_IDENTIFIER = "com.indie-software.INCoreData";
				PRODUCT_NAME = "$(TARGET_NAME:c99extidentifier)";
				SKIP_INSTALL = YES;
				SWIFT_EMIT_LOC_STRINGS = YES;
				SWIFT_OPTIMIZATION_LEVEL = "-Onone";
				SWIFT_VERSION = 5.0;
				TARGETED_DEVICE_FAMILY = "1,2";
				VERSIONING_SYSTEM = "apple-generic";
				VERSION_INFO_PREFIX = "";
			};
			name = Debug;
		};
		26FCE70027D1FAD700C229DA /* Release */ = {
			isa = XCBuildConfiguration;
			baseConfigurationReference = D2E8259FAF6787CBFA87BD66 /* Pods-INCoreData.release.xcconfig */;
			buildSettings = {
				APPLICATION_EXTENSION_API_ONLY = YES;
				CLANG_ENABLE_MODULES = YES;
				CODE_SIGN_STYLE = Automatic;
				CURRENT_PROJECT_VERSION = 8;
				DEFINES_MODULE = YES;
				DEVELOPMENT_TEAM = H6T8HJZGHY;
				DYLIB_COMPATIBILITY_VERSION = 1;
				DYLIB_CURRENT_VERSION = 8;
				DYLIB_INSTALL_NAME_BASE = "@rpath";
				GENERATE_INFOPLIST_FILE = YES;
				INFOPLIST_KEY_NSHumanReadableCopyright = "";
				INSTALL_PATH = "$(LOCAL_LIBRARY_DIR)/Frameworks";
				IPHONEOS_DEPLOYMENT_TARGET = 15.0;
				LD_RUNPATH_SEARCH_PATHS = (
					"$(inherited)",
					"@executable_path/Frameworks",
					"@loader_path/Frameworks",
				);
				MARKETING_VERSION = 1.0.5;
				PRODUCT_BUNDLE_IDENTIFIER = "com.indie-software.INCoreData";
				PRODUCT_NAME = "$(TARGET_NAME:c99extidentifier)";
				SKIP_INSTALL = YES;
				SWIFT_EMIT_LOC_STRINGS = YES;
				SWIFT_VERSION = 5.0;
				TARGETED_DEVICE_FAMILY = "1,2";
				VERSIONING_SYSTEM = "apple-generic";
				VERSION_INFO_PREFIX = "";
			};
			name = Release;
		};
		26FCE70327D1FAD700C229DA /* Debug */ = {
			isa = XCBuildConfiguration;
			baseConfigurationReference = ED7110E49069F4253BA41074 /* Pods-INCoreDataTests.debug.xcconfig */;
			buildSettings = {
				CLANG_ENABLE_MODULES = YES;
				CODE_SIGN_STYLE = Automatic;
				CURRENT_PROJECT_VERSION = 8;
				DEVELOPMENT_TEAM = H6T8HJZGHY;
				GENERATE_INFOPLIST_FILE = YES;
				LD_RUNPATH_SEARCH_PATHS = (
					"$(inherited)",
					"@executable_path/Frameworks",
					"@loader_path/Frameworks",
				);
				MARKETING_VERSION = 1.0;
				PRODUCT_BUNDLE_IDENTIFIER = "com.indie-software.INCoreDataTests";
				PRODUCT_NAME = "$(TARGET_NAME)";
				SWIFT_EMIT_LOC_STRINGS = NO;
				SWIFT_OPTIMIZATION_LEVEL = "-Onone";
				SWIFT_VERSION = 5.0;
				TARGETED_DEVICE_FAMILY = "1,2";
			};
			name = Debug;
		};
		26FCE70427D1FAD700C229DA /* Release */ = {
			isa = XCBuildConfiguration;
			baseConfigurationReference = 8A994B1FCB95EA20F41E4942 /* Pods-INCoreDataTests.release.xcconfig */;
			buildSettings = {
				CLANG_ENABLE_MODULES = YES;
				CODE_SIGN_STYLE = Automatic;
				CURRENT_PROJECT_VERSION = 8;
				DEVELOPMENT_TEAM = H6T8HJZGHY;
				GENERATE_INFOPLIST_FILE = YES;
				LD_RUNPATH_SEARCH_PATHS = (
					"$(inherited)",
					"@executable_path/Frameworks",
					"@loader_path/Frameworks",
				);
				MARKETING_VERSION = 1.0;
				PRODUCT_BUNDLE_IDENTIFIER = "com.indie-software.INCoreDataTests";
				PRODUCT_NAME = "$(TARGET_NAME)";
				SWIFT_EMIT_LOC_STRINGS = NO;
				SWIFT_VERSION = 5.0;
				TARGETED_DEVICE_FAMILY = "1,2";
			};
			name = Release;
		};
		26FCE71227D215C800C229DA /* Debug */ = {
			isa = XCBuildConfiguration;
			buildSettings = {
				CODE_SIGN_STYLE = Automatic;
				DEAD_CODE_STRIPPING = YES;
				DEVELOPMENT_TEAM = H6T8HJZGHY;
				PRODUCT_NAME = "$(TARGET_NAME)";
				SDKROOT = macosx;
			};
			name = Debug;
		};
		26FCE71327D215C800C229DA /* Release */ = {
			isa = XCBuildConfiguration;
			buildSettings = {
				CODE_SIGN_STYLE = Automatic;
				DEAD_CODE_STRIPPING = YES;
				DEVELOPMENT_TEAM = H6T8HJZGHY;
				PRODUCT_NAME = "$(TARGET_NAME)";
				SDKROOT = macosx;
			};
			name = Release;
		};
/* End XCBuildConfiguration section */

/* Begin XCConfigurationList section */
		26FCE6CA27D1F9C600C229DA /* Build configuration list for PBXProject "INCoreData" */ = {
			isa = XCConfigurationList;
			buildConfigurations = (
				26FCE6DB27D1F9C700C229DA /* Debug */,
				26FCE6DC27D1F9C700C229DA /* Release */,
			);
			defaultConfigurationIsVisible = 0;
			defaultConfigurationName = Release;
		};
		26FCE6DD27D1F9C700C229DA /* Build configuration list for PBXNativeTarget "INCoreDataExample" */ = {
			isa = XCConfigurationList;
			buildConfigurations = (
				26FCE6DE27D1F9C700C229DA /* Debug */,
				26FCE6DF27D1F9C700C229DA /* Release */,
			);
			defaultConfigurationIsVisible = 0;
			defaultConfigurationName = Release;
		};
		26FCE6FE27D1FAD700C229DA /* Build configuration list for PBXNativeTarget "INCoreData" */ = {
			isa = XCConfigurationList;
			buildConfigurations = (
				26FCE6FF27D1FAD700C229DA /* Debug */,
				26FCE70027D1FAD700C229DA /* Release */,
			);
			defaultConfigurationIsVisible = 0;
			defaultConfigurationName = Release;
		};
		26FCE70227D1FAD700C229DA /* Build configuration list for PBXNativeTarget "INCoreDataTests" */ = {
			isa = XCConfigurationList;
			buildConfigurations = (
				26FCE70327D1FAD700C229DA /* Debug */,
				26FCE70427D1FAD700C229DA /* Release */,
			);
			defaultConfigurationIsVisible = 0;
			defaultConfigurationName = Release;
		};
		26FCE71127D215C800C229DA /* Build configuration list for PBXAggregateTarget "SwiftFormat" */ = {
			isa = XCConfigurationList;
			buildConfigurations = (
				26FCE71227D215C800C229DA /* Debug */,
				26FCE71327D215C800C229DA /* Release */,
			);
			defaultConfigurationIsVisible = 0;
			defaultConfigurationName = Release;
		};
/* End XCConfigurationList section */

/* Begin XCRemoteSwiftPackageReference section */
		264EEF162882C3E200874DF8 /* XCRemoteSwiftPackageReference "INCommons" */ = {
			isa = XCRemoteSwiftPackageReference;
			repositoryURL = "https://github.com/indieSoftware/INCommons";
			requirement = {
				branch = develop;
				kind = branch;
			};
		};
/* End XCRemoteSwiftPackageReference section */

/* Begin XCSwiftPackageProductDependency section */
		264EEF172882C3E200874DF8 /* INCommons */ = {
			isa = XCSwiftPackageProductDependency;
			package = 264EEF162882C3E200874DF8 /* XCRemoteSwiftPackageReference "INCommons" */;
			productName = INCommons;
		};
/* End XCSwiftPackageProductDependency section */

/* Begin XCVersionGroup section */
		26EC46CE2882B60200DC733E /* TestModel.xcdatamodeld */ = {
			isa = XCVersionGroup;
			children = (
				26EC46CF2882B60200DC733E /* TestModel.xcdatamodel */,
				26EC46D02882B60200DC733E /* TestModel 2.xcdatamodel */,
			);
			currentVersion = 26EC46D02882B60200DC733E /* TestModel 2.xcdatamodel */;
			path = TestModel.xcdatamodeld;
			sourceTree = "<group>";
			versionGroupType = wrapper.xcdatamodel;
		};
		532C387328062E6500B513B1 /* DataModel.xcdatamodeld */ = {
			isa = XCVersionGroup;
			children = (
				532C387428062E6500B513B1 /* Example.xcdatamodel */,
			);
			currentVersion = 532C387428062E6500B513B1 /* Example.xcdatamodel */;
			path = DataModel.xcdatamodeld;
			sourceTree = "<group>";
			versionGroupType = wrapper.xcdatamodel;
		};
/* End XCVersionGroup section */
	};
	rootObject = 26FCE6C727D1F9C600C229DA /* Project object */;
}
